// !$*UTF8*$!
{
	archiveVersion = 1;
	classes = {
	};
	objectVersion = 56;
	objects = {

/* Begin PBXBuildFile section */
		06DE61595F545BBDC1BF4A49 /* Pods_relam_Study.framework in Frameworks */ = {isa = PBXBuildFile; fileRef = 482ACB98AA1CDFA303F688BA /* Pods_relam_Study.framework */; };
		42A4773BAE4AFD4859403F2D /* Pods_relam_StudyTests.framework in Frameworks */ = {isa = PBXBuildFile; fileRef = 0E4AB3156F395D7BB6A64B84 /* Pods_relam_StudyTests.framework */; };
		527B4A75D411EB88B5DF58C1 /* Pods_relam_Study_relam_StudyUITests.framework in Frameworks */ = {isa = PBXBuildFile; fileRef = A6075561AD9C132B82CEA713 /* Pods_relam_Study_relam_StudyUITests.framework */; };
		9E29DA262ABAB3AA003C1953 /* testModel.swift in Sources */ = {isa = PBXBuildFile; fileRef = 9E29DA252ABAB3AA003C1953 /* testModel.swift */; };
		9EEEED402ABAA52E0026DEB1 /* AppDelegate.swift in Sources */ = {isa = PBXBuildFile; fileRef = 9EEEED3F2ABAA52E0026DEB1 /* AppDelegate.swift */; };
		9EEEED422ABAA52E0026DEB1 /* SceneDelegate.swift in Sources */ = {isa = PBXBuildFile; fileRef = 9EEEED412ABAA52E0026DEB1 /* SceneDelegate.swift */; };
		9EEEED442ABAA52E0026DEB1 /* ViewController.swift in Sources */ = {isa = PBXBuildFile; fileRef = 9EEEED432ABAA52E0026DEB1 /* ViewController.swift */; };
		9EEEED472ABAA52E0026DEB1 /* Main.storyboard in Resources */ = {isa = PBXBuildFile; fileRef = 9EEEED452ABAA52E0026DEB1 /* Main.storyboard */; };
		9EEEED492ABAA52F0026DEB1 /* Assets.xcassets in Resources */ = {isa = PBXBuildFile; fileRef = 9EEEED482ABAA52F0026DEB1 /* Assets.xcassets */; };
		9EEEED4C2ABAA52F0026DEB1 /* LaunchScreen.storyboard in Resources */ = {isa = PBXBuildFile; fileRef = 9EEEED4A2ABAA52F0026DEB1 /* LaunchScreen.storyboard */; };
		9EEEED572ABAA52F0026DEB1 /* relam_StudyTests.swift in Sources */ = {isa = PBXBuildFile; fileRef = 9EEEED562ABAA52F0026DEB1 /* relam_StudyTests.swift */; };
		9EEEED612ABAA52F0026DEB1 /* relam_StudyUITests.swift in Sources */ = {isa = PBXBuildFile; fileRef = 9EEEED602ABAA52F0026DEB1 /* relam_StudyUITests.swift */; };
		9EEEED632ABAA52F0026DEB1 /* relam_StudyUITestsLaunchTests.swift in Sources */ = {isa = PBXBuildFile; fileRef = 9EEEED622ABAA52F0026DEB1 /* relam_StudyUITestsLaunchTests.swift */; };
/* End PBXBuildFile section */

/* Begin PBXContainerItemProxy section */
		9EEEED532ABAA52F0026DEB1 /* PBXContainerItemProxy */ = {
			isa = PBXContainerItemProxy;
			containerPortal = 9EEEED342ABAA52E0026DEB1 /* Project object */;
			proxyType = 1;
			remoteGlobalIDString = 9EEEED3B2ABAA52E0026DEB1;
			remoteInfo = relam_Study;
		};
		9EEEED5D2ABAA52F0026DEB1 /* PBXContainerItemProxy */ = {
			isa = PBXContainerItemProxy;
			containerPortal = 9EEEED342ABAA52E0026DEB1 /* Project object */;
			proxyType = 1;
			remoteGlobalIDString = 9EEEED3B2ABAA52E0026DEB1;
			remoteInfo = relam_Study;
		};
/* End PBXContainerItemProxy section */

/* Begin PBXFileReference section */
		0E4AB3156F395D7BB6A64B84 /* Pods_relam_StudyTests.framework */ = {isa = PBXFileReference; explicitFileType = wrapper.framework; includeInIndex = 0; path = Pods_relam_StudyTests.framework; sourceTree = BUILT_PRODUCTS_DIR; };
		17B6FA3931289130907A4B0D /* Pods-relam_Study-relam_StudyUITests.release.xcconfig */ = {isa = PBXFileReference; includeInIndex = 1; lastKnownFileType = text.xcconfig; name = "Pods-relam_Study-relam_StudyUITests.release.xcconfig"; path = "Target Support Files/Pods-relam_Study-relam_StudyUITests/Pods-relam_Study-relam_StudyUITests.release.xcconfig"; sourceTree = "<group>"; };
		210DD4E0B3112785CB5DDA52 /* Pods-relam_StudyTests.debug.xcconfig */ = {isa = PBXFileReference; includeInIndex = 1; lastKnownFileType = text.xcconfig; name = "Pods-relam_StudyTests.debug.xcconfig"; path = "Target Support Files/Pods-relam_StudyTests/Pods-relam_StudyTests.debug.xcconfig"; sourceTree = "<group>"; };
		482ACB98AA1CDFA303F688BA /* Pods_relam_Study.framework */ = {isa = PBXFileReference; explicitFileType = wrapper.framework; includeInIndex = 0; path = Pods_relam_Study.framework; sourceTree = BUILT_PRODUCTS_DIR; };
		6E331E29A7E99DEC35656779 /* Pods-relam_Study-relam_StudyUITests.debug.xcconfig */ = {isa = PBXFileReference; includeInIndex = 1; lastKnownFileType = text.xcconfig; name = "Pods-relam_Study-relam_StudyUITests.debug.xcconfig"; path = "Target Support Files/Pods-relam_Study-relam_StudyUITests/Pods-relam_Study-relam_StudyUITests.debug.xcconfig"; sourceTree = "<group>"; };
		8409D9882D7C7A6544931F76 /* Pods-relam_StudyTests.release.xcconfig */ = {isa = PBXFileReference; includeInIndex = 1; lastKnownFileType = text.xcconfig; name = "Pods-relam_StudyTests.release.xcconfig"; path = "Target Support Files/Pods-relam_StudyTests/Pods-relam_StudyTests.release.xcconfig"; sourceTree = "<group>"; };
		8ED742E871074685C91C79E2 /* Pods-relam_Study.debug.xcconfig */ = {isa = PBXFileReference; includeInIndex = 1; lastKnownFileType = text.xcconfig; name = "Pods-relam_Study.debug.xcconfig"; path = "Target Support Files/Pods-relam_Study/Pods-relam_Study.debug.xcconfig"; sourceTree = "<group>"; };
		9E29DA252ABAB3AA003C1953 /* testModel.swift */ = {isa = PBXFileReference; lastKnownFileType = sourcecode.swift; path = testModel.swift; sourceTree = "<group>"; };
		9EEEED3C2ABAA52E0026DEB1 /* relam_Study.app */ = {isa = PBXFileReference; explicitFileType = wrapper.application; includeInIndex = 0; path = relam_Study.app; sourceTree = BUILT_PRODUCTS_DIR; };
		9EEEED3F2ABAA52E0026DEB1 /* AppDelegate.swift */ = {isa = PBXFileReference; lastKnownFileType = sourcecode.swift; path = AppDelegate.swift; sourceTree = "<group>"; };
		9EEEED412ABAA52E0026DEB1 /* SceneDelegate.swift */ = {isa = PBXFileReference; lastKnownFileType = sourcecode.swift; path = SceneDelegate.swift; sourceTree = "<group>"; };
		9EEEED432ABAA52E0026DEB1 /* ViewController.swift */ = {isa = PBXFileReference; lastKnownFileType = sourcecode.swift; path = ViewController.swift; sourceTree = "<group>"; };
		9EEEED462ABAA52E0026DEB1 /* Base */ = {isa = PBXFileReference; lastKnownFileType = file.storyboard; name = Base; path = Base.lproj/Main.storyboard; sourceTree = "<group>"; };
		9EEEED482ABAA52F0026DEB1 /* Assets.xcassets */ = {isa = PBXFileReference; lastKnownFileType = folder.assetcatalog; path = Assets.xcassets; sourceTree = "<group>"; };
		9EEEED4B2ABAA52F0026DEB1 /* Base */ = {isa = PBXFileReference; lastKnownFileType = file.storyboard; name = Base; path = Base.lproj/LaunchScreen.storyboard; sourceTree = "<group>"; };
		9EEEED4D2ABAA52F0026DEB1 /* Info.plist */ = {isa = PBXFileReference; lastKnownFileType = text.plist.xml; path = Info.plist; sourceTree = "<group>"; };
		9EEEED522ABAA52F0026DEB1 /* relam_StudyTests.xctest */ = {isa = PBXFileReference; explicitFileType = wrapper.cfbundle; includeInIndex = 0; path = relam_StudyTests.xctest; sourceTree = BUILT_PRODUCTS_DIR; };
		9EEEED562ABAA52F0026DEB1 /* relam_StudyTests.swift */ = {isa = PBXFileReference; lastKnownFileType = sourcecode.swift; path = relam_StudyTests.swift; sourceTree = "<group>"; };
		9EEEED5C2ABAA52F0026DEB1 /* relam_StudyUITests.xctest */ = {isa = PBXFileReference; explicitFileType = wrapper.cfbundle; includeInIndex = 0; path = relam_StudyUITests.xctest; sourceTree = BUILT_PRODUCTS_DIR; };
		9EEEED602ABAA52F0026DEB1 /* relam_StudyUITests.swift */ = {isa = PBXFileReference; lastKnownFileType = sourcecode.swift; path = relam_StudyUITests.swift; sourceTree = "<group>"; };
		9EEEED622ABAA52F0026DEB1 /* relam_StudyUITestsLaunchTests.swift */ = {isa = PBXFileReference; lastKnownFileType = sourcecode.swift; path = relam_StudyUITestsLaunchTests.swift; sourceTree = "<group>"; };
		A1119886459FF4EAFB0E93EA /* Pods-relam_Study.release.xcconfig */ = {isa = PBXFileReference; includeInIndex = 1; lastKnownFileType = text.xcconfig; name = "Pods-relam_Study.release.xcconfig"; path = "Target Support Files/Pods-relam_Study/Pods-relam_Study.release.xcconfig"; sourceTree = "<group>"; };
		A6075561AD9C132B82CEA713 /* Pods_relam_Study_relam_StudyUITests.framework */ = {isa = PBXFileReference; explicitFileType = wrapper.framework; includeInIndex = 0; path = Pods_relam_Study_relam_StudyUITests.framework; sourceTree = BUILT_PRODUCTS_DIR; };
/* End PBXFileReference section */

/* Begin PBXFrameworksBuildPhase section */
		9EEEED392ABAA52E0026DEB1 /* Frameworks */ = {
			isa = PBXFrameworksBuildPhase;
			buildActionMask = 2147483647;
			files = (
				06DE61595F545BBDC1BF4A49 /* Pods_relam_Study.framework in Frameworks */,
			);
			runOnlyForDeploymentPostprocessing = 0;
		};
		9EEEED4F2ABAA52F0026DEB1 /* Frameworks */ = {
			isa = PBXFrameworksBuildPhase;
			buildActionMask = 2147483647;
			files = (
				42A4773BAE4AFD4859403F2D /* Pods_relam_StudyTests.framework in Frameworks */,
			);
			runOnlyForDeploymentPostprocessing = 0;
		};
		9EEEED592ABAA52F0026DEB1 /* Frameworks */ = {
			isa = PBXFrameworksBuildPhase;
			buildActionMask = 2147483647;
			files = (
				527B4A75D411EB88B5DF58C1 /* Pods_relam_Study_relam_StudyUITests.framework in Frameworks */,
			);
			runOnlyForDeploymentPostprocessing = 0;
		};
/* End PBXFrameworksBuildPhase section */

/* Begin PBXGroup section */
		2D70DCC38DE31B816F52D525 /* Pods */ = {
			isa = PBXGroup;
			children = (
				8ED742E871074685C91C79E2 /* Pods-relam_Study.debug.xcconfig */,
				A1119886459FF4EAFB0E93EA /* Pods-relam_Study.release.xcconfig */,
				6E331E29A7E99DEC35656779 /* Pods-relam_Study-relam_StudyUITests.debug.xcconfig */,
				17B6FA3931289130907A4B0D /* Pods-relam_Study-relam_StudyUITests.release.xcconfig */,
				210DD4E0B3112785CB5DDA52 /* Pods-relam_StudyTests.debug.xcconfig */,
				8409D9882D7C7A6544931F76 /* Pods-relam_StudyTests.release.xcconfig */,
			);
			path = Pods;
			sourceTree = "<group>";
		};
		971529EE1BE5C8BF69E98442 /* Frameworks */ = {
			isa = PBXGroup;
			children = (
				482ACB98AA1CDFA303F688BA /* Pods_relam_Study.framework */,
				A6075561AD9C132B82CEA713 /* Pods_relam_Study_relam_StudyUITests.framework */,
				0E4AB3156F395D7BB6A64B84 /* Pods_relam_StudyTests.framework */,
			);
			name = Frameworks;
			sourceTree = "<group>";
		};
		9EEEED332ABAA52E0026DEB1 = {
			isa = PBXGroup;
			children = (
				9EEEED3E2ABAA52E0026DEB1 /* relam_Study */,
				9EEEED552ABAA52F0026DEB1 /* relam_StudyTests */,
				9EEEED5F2ABAA52F0026DEB1 /* relam_StudyUITests */,
				9EEEED3D2ABAA52E0026DEB1 /* Products */,
				2D70DCC38DE31B816F52D525 /* Pods */,
				971529EE1BE5C8BF69E98442 /* Frameworks */,
			);
			sourceTree = "<group>";
		};
		9EEEED3D2ABAA52E0026DEB1 /* Products */ = {
			isa = PBXGroup;
			children = (
				9EEEED3C2ABAA52E0026DEB1 /* relam_Study.app */,
				9EEEED522ABAA52F0026DEB1 /* relam_StudyTests.xctest */,
				9EEEED5C2ABAA52F0026DEB1 /* relam_StudyUITests.xctest */,
			);
			name = Products;
			sourceTree = "<group>";
		};
		9EEEED3E2ABAA52E0026DEB1 /* relam_Study */ = {
			isa = PBXGroup;
			children = (
				9EEEED3F2ABAA52E0026DEB1 /* AppDelegate.swift */,
				9EEEED412ABAA52E0026DEB1 /* SceneDelegate.swift */,
				9EEEED432ABAA52E0026DEB1 /* ViewController.swift */,
				9EEEED452ABAA52E0026DEB1 /* Main.storyboard */,
				9EEEED482ABAA52F0026DEB1 /* Assets.xcassets */,
				9EEEED4A2ABAA52F0026DEB1 /* LaunchScreen.storyboard */,
				9EEEED4D2ABAA52F0026DEB1 /* Info.plist */,
				9E29DA252ABAB3AA003C1953 /* testModel.swift */,
			);
			path = relam_Study;
			sourceTree = "<group>";
		};
		9EEEED552ABAA52F0026DEB1 /* relam_StudyTests */ = {
			isa = PBXGroup;
			children = (
				9EEEED562ABAA52F0026DEB1 /* relam_StudyTests.swift */,
			);
			path = relam_StudyTests;
			sourceTree = "<group>";
		};
		9EEEED5F2ABAA52F0026DEB1 /* relam_StudyUITests */ = {
			isa = PBXGroup;
			children = (
				9EEEED602ABAA52F0026DEB1 /* relam_StudyUITests.swift */,
				9EEEED622ABAA52F0026DEB1 /* relam_StudyUITestsLaunchTests.swift */,
			);
			path = relam_StudyUITests;
			sourceTree = "<group>";
		};
/* End PBXGroup section */

/* Begin PBXNativeTarget section */
		9EEEED3B2ABAA52E0026DEB1 /* relam_Study */ = {
			isa = PBXNativeTarget;
			buildConfigurationList = 9EEEED662ABAA52F0026DEB1 /* Build configuration list for PBXNativeTarget "relam_Study" */;
			buildPhases = (
				E21813EFA863BC2FE5F73569 /* [CP] Check Pods Manifest.lock */,
				9EEEED382ABAA52E0026DEB1 /* Sources */,
				9EEEED392ABAA52E0026DEB1 /* Frameworks */,
				9EEEED3A2ABAA52E0026DEB1 /* Resources */,
				68342FAD206FBED9D74B32AF /* [CP] Embed Pods Frameworks */,
			);
			buildRules = (
			);
			dependencies = (
			);
			name = relam_Study;
			productName = relam_Study;
			productReference = 9EEEED3C2ABAA52E0026DEB1 /* relam_Study.app */;
			productType = "com.apple.product-type.application";
		};
		9EEEED512ABAA52F0026DEB1 /* relam_StudyTests */ = {
			isa = PBXNativeTarget;
			buildConfigurationList = 9EEEED692ABAA52F0026DEB1 /* Build configuration list for PBXNativeTarget "relam_StudyTests" */;
			buildPhases = (
				E4BF37AAA518DBE6144B2ECD /* [CP] Check Pods Manifest.lock */,
				9EEEED4E2ABAA52F0026DEB1 /* Sources */,
				9EEEED4F2ABAA52F0026DEB1 /* Frameworks */,
				9EEEED502ABAA52F0026DEB1 /* Resources */,
			);
			buildRules = (
			);
			dependencies = (
				9EEEED542ABAA52F0026DEB1 /* PBXTargetDependency */,
			);
			name = relam_StudyTests;
			productName = relam_StudyTests;
			productReference = 9EEEED522ABAA52F0026DEB1 /* relam_StudyTests.xctest */;
			productType = "com.apple.product-type.bundle.unit-test";
		};
		9EEEED5B2ABAA52F0026DEB1 /* relam_StudyUITests */ = {
			isa = PBXNativeTarget;
			buildConfigurationList = 9EEEED6C2ABAA52F0026DEB1 /* Build configuration list for PBXNativeTarget "relam_StudyUITests" */;
			buildPhases = (
				DCC5053FE7BF4A1A22A87D01 /* [CP] Check Pods Manifest.lock */,
				9EEEED582ABAA52F0026DEB1 /* Sources */,
				9EEEED592ABAA52F0026DEB1 /* Frameworks */,
				9EEEED5A2ABAA52F0026DEB1 /* Resources */,
				FC2C8ED08DD48CF601774B09 /* [CP] Embed Pods Frameworks */,
			);
			buildRules = (
			);
			dependencies = (
				9EEEED5E2ABAA52F0026DEB1 /* PBXTargetDependency */,
			);
			name = relam_StudyUITests;
			productName = relam_StudyUITests;
			productReference = 9EEEED5C2ABAA52F0026DEB1 /* relam_StudyUITests.xctest */;
			productType = "com.apple.product-type.bundle.ui-testing";
		};
/* End PBXNativeTarget section */

/* Begin PBXProject section */
		9EEEED342ABAA52E0026DEB1 /* Project object */ = {
			isa = PBXProject;
			attributes = {
				BuildIndependentTargetsInParallel = 1;
				LastSwiftUpdateCheck = 1420;
				LastUpgradeCheck = 1420;
				TargetAttributes = {
					9EEEED3B2ABAA52E0026DEB1 = {
						CreatedOnToolsVersion = 14.2;
					};
					9EEEED512ABAA52F0026DEB1 = {
						CreatedOnToolsVersion = 14.2;
						TestTargetID = 9EEEED3B2ABAA52E0026DEB1;
					};
					9EEEED5B2ABAA52F0026DEB1 = {
						CreatedOnToolsVersion = 14.2;
						TestTargetID = 9EEEED3B2ABAA52E0026DEB1;
					};
				};
			};
			buildConfigurationList = 9EEEED372ABAA52E0026DEB1 /* Build configuration list for PBXProject "relam_Study" */;
			compatibilityVersion = "Xcode 14.0";
			developmentRegion = en;
			hasScannedForEncodings = 0;
			knownRegions = (
				en,
				Base,
			);
			mainGroup = 9EEEED332ABAA52E0026DEB1;
			productRefGroup = 9EEEED3D2ABAA52E0026DEB1 /* Products */;
			projectDirPath = "";
			projectRoot = "";
			targets = (
				9EEEED3B2ABAA52E0026DEB1 /* relam_Study */,
				9EEEED512ABAA52F0026DEB1 /* relam_StudyTests */,
				9EEEED5B2ABAA52F0026DEB1 /* relam_StudyUITests */,
			);
		};
/* End PBXProject section */

/* Begin PBXResourcesBuildPhase section */
		9EEEED3A2ABAA52E0026DEB1 /* Resources */ = {
			isa = PBXResourcesBuildPhase;
			buildActionMask = 2147483647;
			files = (
				9EEEED4C2ABAA52F0026DEB1 /* LaunchScreen.storyboard in Resources */,
				9EEEED492ABAA52F0026DEB1 /* Assets.xcassets in Resources */,
				9EEEED472ABAA52E0026DEB1 /* Main.storyboard in Resources */,
			);
			runOnlyForDeploymentPostprocessing = 0;
		};
		9EEEED502ABAA52F0026DEB1 /* Resources */ = {
			isa = PBXResourcesBuildPhase;
			buildActionMask = 2147483647;
			files = (
			);
			runOnlyForDeploymentPostprocessing = 0;
		};
		9EEEED5A2ABAA52F0026DEB1 /* Resources */ = {
			isa = PBXResourcesBuildPhase;
			buildActionMask = 2147483647;
			files = (
			);
			runOnlyForDeploymentPostprocessing = 0;
		};
/* End PBXResourcesBuildPhase section */

/* Begin PBXShellScriptBuildPhase section */
		68342FAD206FBED9D74B32AF /* [CP] Embed Pods Frameworks */ = {
			isa = PBXShellScriptBuildPhase;
			buildActionMask = 2147483647;
			files = (
			);
			inputFileListPaths = (
				"${PODS_ROOT}/Target Support Files/Pods-relam_Study/Pods-relam_Study-frameworks-${CONFIGURATION}-input-files.xcfilelist",
			);
			name = "[CP] Embed Pods Frameworks";
			outputFileListPaths = (
				"${PODS_ROOT}/Target Support Files/Pods-relam_Study/Pods-relam_Study-frameworks-${CONFIGURATION}-output-files.xcfilelist",
			);
			runOnlyForDeploymentPostprocessing = 0;
			shellPath = /bin/sh;
			shellScript = "\"${PODS_ROOT}/Target Support Files/Pods-relam_Study/Pods-relam_Study-frameworks.sh\"\n";
			showEnvVarsInLog = 0;
		};
		DCC5053FE7BF4A1A22A87D01 /* [CP] Check Pods Manifest.lock */ = {
			isa = PBXShellScriptBuildPhase;
			buildActionMask = 2147483647;
			files = (
			);
			inputFileListPaths = (
			);
			inputPaths = (
				"${PODS_PODFILE_DIR_PATH}/Podfile.lock",
				"${PODS_ROOT}/Manifest.lock",
			);
			name = "[CP] Check Pods Manifest.lock";
			outputFileListPaths = (
			);
			outputPaths = (
				"$(DERIVED_FILE_DIR)/Pods-relam_Study-relam_StudyUITests-checkManifestLockResult.txt",
			);
			runOnlyForDeploymentPostprocessing = 0;
			shellPath = /bin/sh;
			shellScript = "diff \"${PODS_PODFILE_DIR_PATH}/Podfile.lock\" \"${PODS_ROOT}/Manifest.lock\" > /dev/null\nif [ $? != 0 ] ; then\n    # print error to STDERR\n    echo \"error: The sandbox is not in sync with the Podfile.lock. Run 'pod install' or update your CocoaPods installation.\" >&2\n    exit 1\nfi\n# This output is used by Xcode 'outputs' to avoid re-running this script phase.\necho \"SUCCESS\" > \"${SCRIPT_OUTPUT_FILE_0}\"\n";
			showEnvVarsInLog = 0;
		};
		E21813EFA863BC2FE5F73569 /* [CP] Check Pods Manifest.lock */ = {
			isa = PBXShellScriptBuildPhase;
			buildActionMask = 2147483647;
			files = (
			);
			inputFileListPaths = (
			);
			inputPaths = (
				"${PODS_PODFILE_DIR_PATH}/Podfile.lock",
				"${PODS_ROOT}/Manifest.lock",
			);
			name = "[CP] Check Pods Manifest.lock";
			outputFileListPaths = (
			);
			outputPaths = (
				"$(DERIVED_FILE_DIR)/Pods-relam_Study-checkManifestLockResult.txt",
			);
			runOnlyForDeploymentPostprocessing = 0;
			shellPath = /bin/sh;
			shellScript = "diff \"${PODS_PODFILE_DIR_PATH}/Podfile.lock\" \"${PODS_ROOT}/Manifest.lock\" > /dev/null\nif [ $? != 0 ] ; then\n    # print error to STDERR\n    echo \"error: The sandbox is not in sync with the Podfile.lock. Run 'pod install' or update your CocoaPods installation.\" >&2\n    exit 1\nfi\n# This output is used by Xcode 'outputs' to avoid re-running this script phase.\necho \"SUCCESS\" > \"${SCRIPT_OUTPUT_FILE_0}\"\n";
			showEnvVarsInLog = 0;
		};
		E4BF37AAA518DBE6144B2ECD /* [CP] Check Pods Manifest.lock */ = {
			isa = PBXShellScriptBuildPhase;
			buildActionMask = 2147483647;
			files = (
			);
			inputFileListPaths = (
			);
			inputPaths = (
				"${PODS_PODFILE_DIR_PATH}/Podfile.lock",
				"${PODS_ROOT}/Manifest.lock",
			);
			name = "[CP] Check Pods Manifest.lock";
			outputFileListPaths = (
			);
			outputPaths = (
				"$(DERIVED_FILE_DIR)/Pods-relam_StudyTests-checkManifestLockResult.txt",
			);
			runOnlyForDeploymentPostprocessing = 0;
			shellPath = /bin/sh;
			shellScript = "diff \"${PODS_PODFILE_DIR_PATH}/Podfile.lock\" \"${PODS_ROOT}/Manifest.lock\" > /dev/null\nif [ $? != 0 ] ; then\n    # print error to STDERR\n    echo \"error: The sandbox is not in sync with the Podfile.lock. Run 'pod install' or update your CocoaPods installation.\" >&2\n    exit 1\nfi\n# This output is used by Xcode 'outputs' to avoid re-running this script phase.\necho \"SUCCESS\" > \"${SCRIPT_OUTPUT_FILE_0}\"\n";
			showEnvVarsInLog = 0;
		};
		FC2C8ED08DD48CF601774B09 /* [CP] Embed Pods Frameworks */ = {
			isa = PBXShellScriptBuildPhase;
			buildActionMask = 2147483647;
			files = (
			);
			inputFileListPaths = (
				"${PODS_ROOT}/Target Support Files/Pods-relam_Study-relam_StudyUITests/Pods-relam_Study-relam_StudyUITests-frameworks-${CONFIGURATION}-input-files.xcfilelist",
			);
			name = "[CP] Embed Pods Frameworks";
			outputFileListPaths = (
				"${PODS_ROOT}/Target Support Files/Pods-relam_Study-relam_StudyUITests/Pods-relam_Study-relam_StudyUITests-frameworks-${CONFIGURATION}-output-files.xcfilelist",
			);
			runOnlyForDeploymentPostprocessing = 0;
			shellPath = /bin/sh;
			shellScript = "\"${PODS_ROOT}/Target Support Files/Pods-relam_Study-relam_StudyUITests/Pods-relam_Study-relam_StudyUITests-frameworks.sh\"\n";
			showEnvVarsInLog = 0;
		};
/* End PBXShellScriptBuildPhase section */

/* Begin PBXSourcesBuildPhase section */
		9EEEED382ABAA52E0026DEB1 /* Sources */ = {
			isa = PBXSourcesBuildPhase;
			buildActionMask = 2147483647;
			files = (
				9EEEED442ABAA52E0026DEB1 /* ViewController.swift in Sources */,
				9EEEED402ABAA52E0026DEB1 /* AppDelegate.swift in Sources */,
				9EEEED422ABAA52E0026DEB1 /* SceneDelegate.swift in Sources */,
				9E29DA262ABAB3AA003C1953 /* testModel.swift in Sources */,
			);
			runOnlyForDeploymentPostprocessing = 0;
		};
		9EEEED4E2ABAA52F0026DEB1 /* Sources */ = {
			isa = PBXSourcesBuildPhase;
			buildActionMask = 2147483647;
			files = (
				9EEEED572ABAA52F0026DEB1 /* relam_StudyTests.swift in Sources */,
			);
			runOnlyForDeploymentPostprocessing = 0;
		};
		9EEEED582ABAA52F0026DEB1 /* Sources */ = {
			isa = PBXSourcesBuildPhase;
			buildActionMask = 2147483647;
			files = (
				9EEEED632ABAA52F0026DEB1 /* relam_StudyUITestsLaunchTests.swift in Sources */,
				9EEEED612ABAA52F0026DEB1 /* relam_StudyUITests.swift in Sources */,
			);
			runOnlyForDeploymentPostprocessing = 0;
		};
/* End PBXSourcesBuildPhase section */

/* Begin PBXTargetDependency section */
		9EEEED542ABAA52F0026DEB1 /* PBXTargetDependency */ = {
			isa = PBXTargetDependency;
			target = 9EEEED3B2ABAA52E0026DEB1 /* relam_Study */;
			targetProxy = 9EEEED532ABAA52F0026DEB1 /* PBXContainerItemProxy */;
		};
		9EEEED5E2ABAA52F0026DEB1 /* PBXTargetDependency */ = {
			isa = PBXTargetDependency;
			target = 9EEEED3B2ABAA52E0026DEB1 /* relam_Study */;
			targetProxy = 9EEEED5D2ABAA52F0026DEB1 /* PBXContainerItemProxy */;
		};
/* End PBXTargetDependency section */

/* Begin PBXVariantGroup section */
		9EEEED452ABAA52E0026DEB1 /* Main.storyboard */ = {
			isa = PBXVariantGroup;
			children = (
				9EEEED462ABAA52E0026DEB1 /* Base */,
			);
			name = Main.storyboard;
			sourceTree = "<group>";
		};
		9EEEED4A2ABAA52F0026DEB1 /* LaunchScreen.storyboard */ = {
			isa = PBXVariantGroup;
			children = (
				9EEEED4B2ABAA52F0026DEB1 /* Base */,
			);
			name = LaunchScreen.storyboard;
			sourceTree = "<group>";
		};
/* End PBXVariantGroup section */

/* Begin XCBuildConfiguration section */
		9EEEED642ABAA52F0026DEB1 /* Debug */ = {
			isa = XCBuildConfiguration;
			buildSettings = {
				ALWAYS_SEARCH_USER_PATHS = NO;
				CLANG_ANALYZER_NONNULL = YES;
				CLANG_ANALYZER_NUMBER_OBJECT_CONVERSION = YES_AGGRESSIVE;
				CLANG_CXX_LANGUAGE_STANDARD = "gnu++20";
				CLANG_ENABLE_MODULES = YES;
				CLANG_ENABLE_OBJC_ARC = YES;
				CLANG_ENABLE_OBJC_WEAK = YES;
				CLANG_WARN_BLOCK_CAPTURE_AUTORELEASING = YES;
				CLANG_WARN_BOOL_CONVERSION = YES;
				CLANG_WARN_COMMA = YES;
				CLANG_WARN_CONSTANT_CONVERSION = YES;
				CLANG_WARN_DEPRECATED_OBJC_IMPLEMENTATIONS = YES;
				CLANG_WARN_DIRECT_OBJC_ISA_USAGE = YES_ERROR;
				CLANG_WARN_DOCUMENTATION_COMMENTS = YES;
				CLANG_WARN_EMPTY_BODY = YES;
				CLANG_WARN_ENUM_CONVERSION = YES;
				CLANG_WARN_INFINITE_RECURSION = YES;
				CLANG_WARN_INT_CONVERSION = YES;
				CLANG_WARN_NON_LITERAL_NULL_CONVERSION = YES;
				CLANG_WARN_OBJC_IMPLICIT_RETAIN_SELF = YES;
				CLANG_WARN_OBJC_LITERAL_CONVERSION = YES;
				CLANG_WARN_OBJC_ROOT_CLASS = YES_ERROR;
				CLANG_WARN_QUOTED_INCLUDE_IN_FRAMEWORK_HEADER = YES;
				CLANG_WARN_RANGE_LOOP_ANALYSIS = YES;
				CLANG_WARN_STRICT_PROTOTYPES = YES;
				CLANG_WARN_SUSPICIOUS_MOVE = YES;
				CLANG_WARN_UNGUARDED_AVAILABILITY = YES_AGGRESSIVE;
				CLANG_WARN_UNREACHABLE_CODE = YES;
				CLANG_WARN__DUPLICATE_METHOD_MATCH = YES;
				COPY_PHASE_STRIP = NO;
				DEBUG_INFORMATION_FORMAT = dwarf;
				ENABLE_STRICT_OBJC_MSGSEND = YES;
				ENABLE_TESTABILITY = YES;
				GCC_C_LANGUAGE_STANDARD = gnu11;
				GCC_DYNAMIC_NO_PIC = NO;
				GCC_NO_COMMON_BLOCKS = YES;
				GCC_OPTIMIZATION_LEVEL = 0;
				GCC_PREPROCESSOR_DEFINITIONS = (
					"DEBUG=1",
					"$(inherited)",
				);
				GCC_WARN_64_TO_32_BIT_CONVERSION = YES;
				GCC_WARN_ABOUT_RETURN_TYPE = YES_ERROR;
				GCC_WARN_UNDECLARED_SELECTOR = YES;
				GCC_WARN_UNINITIALIZED_AUTOS = YES_AGGRESSIVE;
				GCC_WARN_UNUSED_FUNCTION = YES;
				GCC_WARN_UNUSED_VARIABLE = YES;
				IPHONEOS_DEPLOYMENT_TARGET = 16.2;
				MTL_ENABLE_DEBUG_INFO = INCLUDE_SOURCE;
				MTL_FAST_MATH = YES;
				ONLY_ACTIVE_ARCH = YES;
				SDKROOT = iphoneos;
				SWIFT_ACTIVE_COMPILATION_CONDITIONS = DEBUG;
				SWIFT_OPTIMIZATION_LEVEL = "-Onone";
			};
			name = Debug;
		};
		9EEEED652ABAA52F0026DEB1 /* Release */ = {
			isa = XCBuildConfiguration;
			buildSettings = {
				ALWAYS_SEARCH_USER_PATHS = NO;
				CLANG_ANALYZER_NONNULL = YES;
				CLANG_ANALYZER_NUMBER_OBJECT_CONVERSION = YES_AGGRESSIVE;
				CLANG_CXX_LANGUAGE_STANDARD = "gnu++20";
				CLANG_ENABLE_MODULES = YES;
				CLANG_ENABLE_OBJC_ARC = YES;
				CLANG_ENABLE_OBJC_WEAK = YES;
				CLANG_WARN_BLOCK_CAPTURE_AUTORELEASING = YES;
				CLANG_WARN_BOOL_CONVERSION = YES;
				CLANG_WARN_COMMA = YES;
				CLANG_WARN_CONSTANT_CONVERSION = YES;
				CLANG_WARN_DEPRECATED_OBJC_IMPLEMENTATIONS = YES;
				CLANG_WARN_DIRECT_OBJC_ISA_USAGE = YES_ERROR;
				CLANG_WARN_DOCUMENTATION_COMMENTS = YES;
				CLANG_WARN_EMPTY_BODY = YES;
				CLANG_WARN_ENUM_CONVERSION = YES;
				CLANG_WARN_INFINITE_RECURSION = YES;
				CLANG_WARN_INT_CONVERSION = YES;
				CLANG_WARN_NON_LITERAL_NULL_CONVERSION = YES;
				CLANG_WARN_OBJC_IMPLICIT_RETAIN_SELF = YES;
				CLANG_WARN_OBJC_LITERAL_CONVERSION = YES;
				CLANG_WARN_OBJC_ROOT_CLASS = YES_ERROR;
				CLANG_WARN_QUOTED_INCLUDE_IN_FRAMEWORK_HEADER = YES;
				CLANG_WARN_RANGE_LOOP_ANALYSIS = YES;
				CLANG_WARN_STRICT_PROTOTYPES = YES;
				CLANG_WARN_SUSPICIOUS_MOVE = YES;
				CLANG_WARN_UNGUARDED_AVAILABILITY = YES_AGGRESSIVE;
				CLANG_WARN_UNREACHABLE_CODE = YES;
				CLANG_WARN__DUPLICATE_METHOD_MATCH = YES;
				COPY_PHASE_STRIP = NO;
				DEBUG_INFORMATION_FORMAT = "dwarf-with-dsym";
				ENABLE_NS_ASSERTIONS = NO;
				ENABLE_STRICT_OBJC_MSGSEND = YES;
				GCC_C_LANGUAGE_STANDARD = gnu11;
				GCC_NO_COMMON_BLOCKS = YES;
				GCC_WARN_64_TO_32_BIT_CONVERSION = YES;
				GCC_WARN_ABOUT_RETURN_TYPE = YES_ERROR;
				GCC_WARN_UNDECLARED_SELECTOR = YES;
				GCC_WARN_UNINITIALIZED_AUTOS = YES_AGGRESSIVE;
				GCC_WARN_UNUSED_FUNCTION = YES;
				GCC_WARN_UNUSED_VARIABLE = YES;
				IPHONEOS_DEPLOYMENT_TARGET = 16.2;
				MTL_ENABLE_DEBUG_INFO = NO;
				MTL_FAST_MATH = YES;
				SDKROOT = iphoneos;
				SWIFT_COMPILATION_MODE = wholemodule;
				SWIFT_OPTIMIZATION_LEVEL = "-O";
				VALIDATE_PRODUCT = YES;
			};
			name = Release;
		};
		9EEEED672ABAA52F0026DEB1 /* Debug */ = {
			isa = XCBuildConfiguration;
			baseConfigurationReference = 8ED742E871074685C91C79E2 /* Pods-relam_Study.debug.xcconfig */;
			buildSettings = {
				ASSETCATALOG_COMPILER_APPICON_NAME = AppIcon;
				ASSETCATALOG_COMPILER_GLOBAL_ACCENT_COLOR_NAME = AccentColor;
				CODE_SIGN_STYLE = Automatic;
				CURRENT_PROJECT_VERSION = 1;
				GENERATE_INFOPLIST_FILE = YES;
				INFOPLIST_FILE = relam_Study/Info.plist;
				INFOPLIST_KEY_UIApplicationSupportsIndirectInputEvents = YES;
				INFOPLIST_KEY_UILaunchStoryboardName = LaunchScreen;
				INFOPLIST_KEY_UIMainStoryboardFile = Main;
				INFOPLIST_KEY_UISupportedInterfaceOrientations_iPad = "UIInterfaceOrientationPortrait UIInterfaceOrientationPortraitUpsideDown UIInterfaceOrientationLandscapeLeft UIInterfaceOrientationLandscapeRight";
				INFOPLIST_KEY_UISupportedInterfaceOrientations_iPhone = "UIInterfaceOrientationPortrait UIInterfaceOrientationLandscapeLeft UIInterfaceOrientationLandscapeRight";
				LD_RUNPATH_SEARCH_PATHS = (
					"$(inherited)",
					"@executable_path/Frameworks",
				);
				MARKETING_VERSION = 1.0;
				PRODUCT_BUNDLE_IDENTIFIER = "yeo.relam-Study";
				PRODUCT_NAME = "$(TARGET_NAME)";
				SWIFT_EMIT_LOC_STRINGS = YES;
				SWIFT_VERSION = 5.0;
				TARGETED_DEVICE_FAMILY = "1,2";
			};
			name = Debug;
		};
		9EEEED682ABAA52F0026DEB1 /* Release */ = {
			isa = XCBuildConfiguration;
			baseConfigurationReference = A1119886459FF4EAFB0E93EA /* Pods-relam_Study.release.xcconfig */;
			buildSettings = {
				ASSETCATALOG_COMPILER_APPICON_NAME = AppIcon;
				ASSETCATALOG_COMPILER_GLOBAL_ACCENT_COLOR_NAME = AccentColor;
				CODE_SIGN_STYLE = Automatic;
				CURRENT_PROJECT_VERSION = 1;
				GENERATE_INFOPLIST_FILE = YES;
				INFOPLIST_FILE = relam_Study/Info.plist;
				INFOPLIST_KEY_UIApplicationSupportsIndirectInputEvents = YES;
				INFOPLIST_KEY_UILaunchStoryboardName = LaunchScreen;
				INFOPLIST_KEY_UIMainStoryboardFile = Main;
				INFOPLIST_KEY_UISupportedInterfaceOrientations_iPad = "UIInterfaceOrientationPortrait UIInterfaceOrientationPortraitUpsideDown UIInterfaceOrientationLandscapeLeft UIInterfaceOrientationLandscapeRight";
				INFOPLIST_KEY_UISupportedInterfaceOrientations_iPhone = "UIInterfaceOrientationPortrait UIInterfaceOrientationLandscapeLeft UIInterfaceOrientationLandscapeRight";
				LD_RUNPATH_SEARCH_PATHS = (
					"$(inherited)",
					"@executable_path/Frameworks",
				);
				MARKETING_VERSION = 1.0;
				PRODUCT_BUNDLE_IDENTIFIER = "yeo.relam-Study";
				PRODUCT_NAME = "$(TARGET_NAME)";
				SWIFT_EMIT_LOC_STRINGS = YES;
				SWIFT_VERSION = 5.0;
				TARGETED_DEVICE_FAMILY = "1,2";
			};
			name = Release;
		};
		9EEEED6A2ABAA52F0026DEB1 /* Debug */ = {
			isa = XCBuildConfiguration;
			baseConfigurationReference = 210DD4E0B3112785CB5DDA52 /* Pods-relam_StudyTests.debug.xcconfig */;
			buildSettings = {
				ALWAYS_EMBED_SWIFT_STANDARD_LIBRARIES = YES;
				BUNDLE_LOADER = "$(TEST_HOST)";
				CODE_SIGN_STYLE = Automatic;
				CURRENT_PROJECT_VERSION = 1;
				GENERATE_INFOPLIST_FILE = YES;
				IPHONEOS_DEPLOYMENT_TARGET = 16.2;
				MARKETING_VERSION = 1.0;
				PRODUCT_BUNDLE_IDENTIFIER = "yeo.relam-StudyTests";
				PRODUCT_NAME = "$(TARGET_NAME)";
				SWIFT_EMIT_LOC_STRINGS = NO;
				SWIFT_VERSION = 5.0;
				TARGETED_DEVICE_FAMILY = "1,2";
				TEST_HOST = "$(BUILT_PRODUCTS_DIR)/relam_Study.app/$(BUNDLE_EXECUTABLE_FOLDER_PATH)/relam_Study";
			};
			name = Debug;
		};
		9EEEED6B2ABAA52F0026DEB1 /* Release */ = {
			isa = XCBuildConfiguration;
			baseConfigurationReference = 8409D9882D7C7A6544931F76 /* Pods-relam_StudyTests.release.xcconfig */;
			buildSettings = {
				ALWAYS_EMBED_SWIFT_STANDARD_LIBRARIES = YES;
				BUNDLE_LOADER = "$(TEST_HOST)";
				CODE_SIGN_STYLE = Automatic;
				CURRENT_PROJECT_VERSION = 1;
				GENERATE_INFOPLIST_FILE = YES;
				IPHONEOS_DEPLOYMENT_TARGET = 16.2;
				MARKETING_VERSION = 1.0;
				PRODUCT_BUNDLE_IDENTIFIER = "yeo.relam-StudyTests";
				PRODUCT_NAME = "$(TARGET_NAME)";
				SWIFT_EMIT_LOC_STRINGS = NO;
				SWIFT_VERSION = 5.0;
				TARGETED_DEVICE_FAMILY = "1,2";
				TEST_HOST = "$(BUILT_PRODUCTS_DIR)/relam_Study.app/$(BUNDLE_EXECUTABLE_FOLDER_PATH)/relam_Study";
			};
			name = Release;
		};
		9EEEED6D2ABAA52F0026DEB1 /* Debug */ = {
			isa = XCBuildConfiguration;
			baseConfigurationReference = 6E331E29A7E99DEC35656779 /* Pods-relam_Study-relam_StudyUITests.debug.xcconfig */;
			buildSettings = {
				ALWAYS_EMBED_SWIFT_STANDARD_LIBRARIES = YES;
				CODE_SIGN_STYLE = Automatic;
				CURRENT_PROJECT_VERSION = 1;
				GENERATE_INFOPLIST_FILE = YES;
				MARKETING_VERSION = 1.0;
				PRODUCT_BUNDLE_IDENTIFIER = "yeo.relam-StudyUITests";
				PRODUCT_NAME = "$(TARGET_NAME)";
				SWIFT_EMIT_LOC_STRINGS = NO;
				SWIFT_VERSION = 5.0;
				TARGETED_DEVICE_FAMILY = "1,2";
				TEST_TARGET_NAME = relam_Study;
			};
			name = Debug;
		};
		9EEEED6E2ABAA52F0026DEB1 /* Release */ = {
			isa = XCBuildConfiguration;
			baseConfigurationReference = 17B6FA3931289130907A4B0D /* Pods-relam_Study-relam_StudyUITests.release.xcconfig */;
			buildSettings = {
				ALWAYS_EMBED_SWIFT_STANDARD_LIBRARIES = YES;
				CODE_SIGN_STYLE = Automatic;
				CURRENT_PROJECT_VERSION = 1;
				GENERATE_INFOPLIST_FILE = YES;
				MARKETING_VERSION = 1.0;
				PRODUCT_BUNDLE_IDENTIFIER = "yeo.relam-StudyUITests";
				PRODUCT_NAME = "$(TARGET_NAME)";
				SWIFT_EMIT_LOC_STRINGS = NO;
				SWIFT_VERSION = 5.0;
				TARGETED_DEVICE_FAMILY = "1,2";
				TEST_TARGET_NAME = relam_Study;
			};
			name = Release;
		};
/* End XCBuildConfiguration section */

/* Begin XCConfigurationList section */
		9EEEED372ABAA52E0026DEB1 /* Build configuration list for PBXProject "relam_Study" */ = {
			isa = XCConfigurationList;
			buildConfigurations = (
				9EEEED642ABAA52F0026DEB1 /* Debug */,
				9EEEED652ABAA52F0026DEB1 /* Release */,
			);
			defaultConfigurationIsVisible = 0;
			defaultConfigurationName = Release;
		};
		9EEEED662ABAA52F0026DEB1 /* Build configuration list for PBXNativeTarget "relam_Study" */ = {
			isa = XCConfigurationList;
			buildConfigurations = (
				9EEEED672ABAA52F0026DEB1 /* Debug */,
				9EEEED682ABAA52F0026DEB1 /* Release */,
			);
			defaultConfigurationIsVisible = 0;
			defaultConfigurationName = Release;
		};
		9EEEED692ABAA52F0026DEB1 /* Build configuration list for PBXNativeTarget "relam_StudyTests" */ = {
			isa = XCConfigurationList;
			buildConfigurations = (
				9EEEED6A2ABAA52F0026DEB1 /* Debug */,
				9EEEED6B2ABAA52F0026DEB1 /* Release */,
			);
			defaultConfigurationIsVisible = 0;
			defaultConfigurationName = Release;
		};
		9EEEED6C2ABAA52F0026DEB1 /* Build configuration list for PBXNativeTarget "relam_StudyUITests" */ = {
			isa = XCConfigurationList;
			buildConfigurations = (
				9EEEED6D2ABAA52F0026DEB1 /* Debug */,
				9EEEED6E2ABAA52F0026DEB1 /* Release */,
			);
			defaultConfigurationIsVisible = 0;
			defaultConfigurationName = Release;
		};
/* End XCConfigurationList section */
	};
	rootObject = 9EEEED342ABAA52E0026DEB1 /* Project object */;
}
